
Microsoft Visual Studio Solution File, Format Version 12.00
# Visual Studio Version 16
VisualStudioVersion = 16.0.31911.196
MinimumVisualStudioVersion = 10.0.40219.1
Project("{9A19103F-16F7-4668-BE54-9A1E7A4F7556}") = "FibonacciSequence (GoldenRatio)", "FibonacciSequence (GoldenRatio)\FibonacciSequence (GoldenRatio).csproj", "{7BCA9D23-AAC5-44E9-8BF3-70502F39E2D0}"
EndProject
Project("{9A19103F-16F7-4668-BE54-9A1E7A4F7556}") = "UpDownCasting", "UpDownCasting\UpDownCasting.csproj", "{75A07162-CF5C-4C6F-8FA7-ECF93555AA3C}"
EndProject
Project("{FAE04EC0-301F-11D3-BF4B-00C04F79EFBC}") = "EncapsulationGetSet", "EncapsulationGetSet\EncapsulationGetSet.csproj", "{56B7124D-B24A-47A1-9291-151EBA97E3BA}"
EndProject
Global
	GlobalSection(SolutionConfigurationPlatforms) = preSolution
		Debug|Any CPU = Debug|Any CPU
		Release|Any CPU = Release|Any CPU
	EndGlobalSection
	GlobalSection(ProjectConfigurationPlatforms) = postSolution
		{7BCA9D23-AAC5-44E9-8BF3-70502F39E2D0}.Debug|Any CPU.ActiveCfg = Debug|Any CPU
		{7BCA9D23-AAC5-44E9-8BF3-70502F39E2D0}.Debug|Any CPU.Build.0 = Debug|Any CPU
		{7BCA9D23-AAC5-44E9-8BF3-70502F39E2D0}.Release|Any CPU.ActiveCfg = Release|Any CPU
		{7BCA9D23-AAC5-44E9-8BF3-70502F39E2D0}.Release|Any CPU.Build.0 = Release|Any CPU
		{75A07162-CF5C-4C6F-8FA7-ECF93555AA3C}.Debug|Any CPU.ActiveCfg = Debug|Any CPU
		{75A07162-CF5C-4C6F-8FA7-ECF93555AA3C}.Debug|Any CPU.Build.0 = Debug|Any CPU
		{75A07162-CF5C-4C6F-8FA7-ECF93555AA3C}.Release|Any CPU.ActiveCfg = Release|Any CPU
		{75A07162-CF5C-4C6F-8FA7-ECF93555AA3C}.Release|Any CPU.Build.0 = Release|Any CPU
		{56B7124D-B24A-47A1-9291-151EBA97E3BA}.Debug|Any CPU.ActiveCfg = Debug|Any CPU
		{56B7124D-B24A-47A1-9291-151EBA97E3BA}.Debug|Any CPU.Build.0 = Debug|Any CPU
		{56B7124D-B24A-47A1-9291-151EBA97E3BA}.Release|Any CPU.ActiveCfg = Release|Any CPU
		{56B7124D-B24A-47A1-9291-151EBA97E3BA}.Release|Any CPU.Build.0 = Release|Any CPU
	EndGlobalSection
	GlobalSection(SolutionProperties) = preSolution
		HideSolutionNode = FALSE
	EndGlobalSection
	GlobalSection(ExtensibilityGlobals) = postSolution
		SolutionGuid = {ED23B5AE-C437-4282-B11E-0A019BFA8874}
	EndGlobalSection
EndGlobal
